
Microsoft Visual Studio Solution File, Format Version 12.00
# Visual Studio 15
VisualStudioVersion = 15.0.26730.15
MinimumVisualStudioVersion = 10.0.40219.1
Project("{FAE04EC0-301F-11D3-BF4B-00C04F79EFBC}") = "wpf_mvvm_sample", "wpf_mvvm_sample\wpf_mvvm_sample.csproj", "{A7D9FBE5-C634-4FA5-852F-4B1D7409D77D}"
EndProject
Global
	GlobalSection(SolutionConfigurationPlatforms) = preSolution
		Debug|Any CPU = Debug|Any CPU
		Release|Any CPU = Release|Any CPU
	EndGlobalSection
	GlobalSection(ProjectConfigurationPlatforms) = postSolution
		{A7D9FBE5-C634-4FA5-852F-4B1D7409D77D}.Debug|Any CPU.ActiveCfg = Debug|Any CPU
		{A7D9FBE5-C634-4FA5-852F-4B1D7409D77D}.Debug|Any CPU.Build.0 = Debug|Any CPU
		{A7D9FBE5-C634-4FA5-852F-4B1D7409D77D}.Release|Any CPU.ActiveCfg = Release|Any CPU
		{A7D9FBE5-C634-4FA5-852F-4B1D7409D77D}.Release|Any CPU.Build.0 = Release|Any CPU
	EndGlobalSection
	GlobalSection(SolutionProperties) = preSolution
		HideSolutionNode = FALSE
	EndGlobalSection
	GlobalSection(ExtensibilityGlobals) = postSolution
		SolutionGuid = {6D9B9B4A-EEFC-43EA-A607-9B9A8DA2BD2B}
	EndGlobalSection
EndGlobal
